
Microsoft Visual Studio Solution File, Format Version 12.00
# Visual Studio Version 16
VisualStudioVersion = 16.0.31911.196
MinimumVisualStudioVersion = 10.0.40219.1
Project("{FAE04EC0-301F-11D3-BF4B-00C04F79EFBC}") = "SalesWebMvc", "SalesWebMvc\SalesWebMvc.csproj", "{ACB45893-5DDA-454C-8D99-7C7C42E7E193}"
EndProject
Global
	GlobalSection(SolutionConfigurationPlatforms) = preSolution
		Debug|Any CPU = Debug|Any CPU
		Release|Any CPU = Release|Any CPU
	EndGlobalSection
	GlobalSection(ProjectConfigurationPlatforms) = postSolution
		{ACB45893-5DDA-454C-8D99-7C7C42E7E193}.Debug|Any CPU.ActiveCfg = Debug|Any CPU
		{ACB45893-5DDA-454C-8D99-7C7C42E7E193}.Debug|Any CPU.Build.0 = Debug|Any CPU
		{ACB45893-5DDA-454C-8D99-7C7C42E7E193}.Release|Any CPU.ActiveCfg = Release|Any CPU
		{ACB45893-5DDA-454C-8D99-7C7C42E7E193}.Release|Any CPU.Build.0 = Release|Any CPU
	EndGlobalSection
	GlobalSection(SolutionProperties) = preSolution
		HideSolutionNode = FALSE
	EndGlobalSection
	GlobalSection(ExtensibilityGlobals) = postSolution
		SolutionGuid = {CCE3FD22-820E-421F-8881-409B4D04587B}
	EndGlobalSection
EndGlobal
